
Microsoft Visual Studio Solution File, Format Version 12.00
# Visual Studio Version 17
VisualStudioVersion = 17.8.34408.163
MinimumVisualStudioVersion = 10.0.40219.1
Project("{9A19103F-16F7-4668-BE54-9A1E7A4F7556}") = "A_CsharpCourse", "A_CsharpCourse.csproj", "{B941AEBB-DA7D-4B39-A13B-07E12F0AA032}"
EndProject
Project("{9A19103F-16F7-4668-BE54-9A1E7A4F7556}") = "B_ControlFlow", "..\Project_B\B_ControlFlow.csproj", "{4C02ABF2-73AA-4964-A5F6-1ECE8AA9E400}"
EndProject
Project("{9A19103F-16F7-4668-BE54-9A1E7A4F7556}") = "C_ArraysCollections", "..\C_ArraysCollection\C_ArraysCollections.csproj", "{8CB1F382-5F73-4D71-B747-D964DFECFD3F}"
EndProject
Project("{9A19103F-16F7-4668-BE54-9A1E7A4F7556}") = "Solution", "..\Solution\Solution.csproj", "{2EC68256-C5A9-46B9-80AC-6CAB16EEB848}"
EndProject
Global
	GlobalSection(SolutionConfigurationPlatforms) = preSolution
		Debug|Any CPU = Debug|Any CPU
		Release|Any CPU = Release|Any CPU
	EndGlobalSection
	GlobalSection(ProjectConfigurationPlatforms) = postSolution
		{B941AEBB-DA7D-4B39-A13B-07E12F0AA032}.Debug|Any CPU.ActiveCfg = Debug|Any CPU
		{B941AEBB-DA7D-4B39-A13B-07E12F0AA032}.Debug|Any CPU.Build.0 = Debug|Any CPU
		{B941AEBB-DA7D-4B39-A13B-07E12F0AA032}.Release|Any CPU.ActiveCfg = Release|Any CPU
		{B941AEBB-DA7D-4B39-A13B-07E12F0AA032}.Release|Any CPU.Build.0 = Release|Any CPU
		{4C02ABF2-73AA-4964-A5F6-1ECE8AA9E400}.Debug|Any CPU.ActiveCfg = Debug|Any CPU
		{4C02ABF2-73AA-4964-A5F6-1ECE8AA9E400}.Debug|Any CPU.Build.0 = Debug|Any CPU
		{4C02ABF2-73AA-4964-A5F6-1ECE8AA9E400}.Release|Any CPU.ActiveCfg = Release|Any CPU
		{4C02ABF2-73AA-4964-A5F6-1ECE8AA9E400}.Release|Any CPU.Build.0 = Release|Any CPU
		{8CB1F382-5F73-4D71-B747-D964DFECFD3F}.Debug|Any CPU.ActiveCfg = Debug|Any CPU
		{8CB1F382-5F73-4D71-B747-D964DFECFD3F}.Debug|Any CPU.Build.0 = Debug|Any CPU
		{8CB1F382-5F73-4D71-B747-D964DFECFD3F}.Release|Any CPU.ActiveCfg = Release|Any CPU
		{8CB1F382-5F73-4D71-B747-D964DFECFD3F}.Release|Any CPU.Build.0 = Release|Any CPU
		{2EC68256-C5A9-46B9-80AC-6CAB16EEB848}.Debug|Any CPU.ActiveCfg = Debug|Any CPU
		{2EC68256-C5A9-46B9-80AC-6CAB16EEB848}.Debug|Any CPU.Build.0 = Debug|Any CPU
		{2EC68256-C5A9-46B9-80AC-6CAB16EEB848}.Release|Any CPU.ActiveCfg = Release|Any CPU
		{2EC68256-C5A9-46B9-80AC-6CAB16EEB848}.Release|Any CPU.Build.0 = Release|Any CPU
	EndGlobalSection
	GlobalSection(SolutionProperties) = preSolution
		HideSolutionNode = FALSE
	EndGlobalSection
	GlobalSection(ExtensibilityGlobals) = postSolution
		SolutionGuid = {5154C61F-F010-4F85-A7AE-D18A48110E4B}
	EndGlobalSection
EndGlobal
